{
  "name": "get-graphql",
  "version": "1.0.0",
  "lockfileVersion": 1,
  "requires": true,
  "dependencies": {
    "commander": {
      "version": "2.20.3",
      "resolved": "https://registry.npmjs.org/commander/-/commander-2.20.3.tgz",
      "integrity": "sha512-GpVkmM8vF2vQUkj2LvZmD35JxeJOLCwJ9cUkugyk2nuhbv3+mJvpLYYt+0+USMxE+oj+ey/lJEnhZw75x/OMcQ=="
    },
    "cssfilter": {
      "version": "0.0.10",
      "resolved": "https://registry.npmjs.org/cssfilter/-/cssfilter-0.0.10.tgz",
      "integrity": "sha1-xtJnJjKi5cg+AT5oZKQs6N79IK4="
    },
    "graphql-playground-html": {
      "version": "1.6.29",
      "resolved": "https://registry.npmjs.org/graphql-playground-html/-/graphql-playground-html-1.6.29.tgz",
      "integrity": "sha512-fbF/zZKuw2sdfKp8gjTORJ/I9xBsqeEYRseWxBzuR15NHMptRTT9414IyRCs3ognZzUDr5MDJgx97SlLZCtQyA==",
      "requires": {
        "xss": "^1.0.6"
      }
    },
    "graphql-playground-middleware-lambda": {
      "version": "1.7.23",
      "resolved": "https://registry.npmjs.org/graphql-playground-middleware-lambda/-/graphql-playground-middleware-lambda-1.7.23.tgz",
      "integrity": "sha512-TPcGOqeXCxWGRFHmOfiD7GXVGr1ZB5KMFtEsf4fUsMjnTpavP2GOh6iommdCSgggdx+1iokPtOpjDUaduzCDOQ==",
      "requires": {
        "graphql-playground-html": "^1.6.29"
      }
    },
    "xss": {
      "version": "1.0.8",
      "resolved": "https://registry.npmjs.org/xss/-/xss-1.0.8.tgz",
      "integrity": "sha512-3MgPdaXV8rfQ/pNn16Eio6VXYPTkqwa0vc7GkiymmY/DqR1SE/7VPAAVZz1GJsJFrllMYO3RHfEaiUGjab6TNw==",
      "requires": {
        "commander": "^2.20.3",
        "cssfilter": "0.0.10"
      }
    }
  }
}
